// !$*UTF8*$!
{
	archiveVersion = 1;
	classes = {
	};
	objectVersion = 46;
	objects = {

/* Begin PBXBuildFile section */
		230B7ED11857E485009722D9 /* main.cpp in Sources */ = {isa = PBXBuildFile; fileRef = 230B7ED01857E485009722D9 /* main.cpp */; };
		230B7ED21857E537009722D9 /* forogue in CopyFiles */ = {isa = PBXBuildFile; fileRef = 23419DB118486661000B9EFD /* forogue */; };
		230BC2F4185556D500CC65F2 /* Visibility.cpp in Sources */ = {isa = PBXBuildFile; fileRef = 230BC2F2185556D500CC65F2 /* Visibility.cpp */; };
		230BC2FE1855B30600CC65F2 /* libxerces-c.a in Frameworks */ = {isa = PBXBuildFile; fileRef = 230BC2FD1855B30600CC65F2 /* libxerces-c.a */; };
		230BC3011855B36300CC65F2 /* XmlParser.cpp in Sources */ = {isa = PBXBuildFile; fileRef = 230BC2FF1855B36300CC65F2 /* XmlParser.cpp */; };
		230BC3041855B4EF00CC65F2 /* WeaponParser.cpp in Sources */ = {isa = PBXBuildFile; fileRef = 230BC3021855B4EF00CC65F2 /* WeaponParser.cpp */; };
		230BC3C51855DE9E00CC65F2 /* ArmorParser.cpp in Sources */ = {isa = PBXBuildFile; fileRef = 230BC3C31855DE9E00CC65F2 /* ArmorParser.cpp */; };
		230BC3C81855DEA900CC65F2 /* AmmoParser.cpp in Sources */ = {isa = PBXBuildFile; fileRef = 230BC3C61855DEA900CC65F2 /* AmmoParser.cpp */; };
		230BC3CB1855DEB700CC65F2 /* ConsumableParser.cpp in Sources */ = {isa = PBXBuildFile; fileRef = 230BC3C91855DEB700CC65F2 /* ConsumableParser.cpp */; };
		230BC3CE1855DEC200CC65F2 /* ItemParser.cpp in Sources */ = {isa = PBXBuildFile; fileRef = 230BC3CC1855DEC200CC65F2 /* ItemParser.cpp */; };
		230BC3D218566B4900CC65F2 /* Armor.cpp in Sources */ = {isa = PBXBuildFile; fileRef = 230BC3D018566B4900CC65F2 /* Armor.cpp */; };
		230BC3E31856843D00CC65F2 /* CreatureParser.cpp in Sources */ = {isa = PBXBuildFile; fileRef = 230BC3E11856843D00CC65F2 /* CreatureParser.cpp */; };
		230BC3E61856844800CC65F2 /* FactionParser.cpp in Sources */ = {isa = PBXBuildFile; fileRef = 230BC3E41856844800CC65F2 /* FactionParser.cpp */; };
		230BC3E91856845400CC65F2 /* RaceParser.cpp in Sources */ = {isa = PBXBuildFile; fileRef = 230BC3E71856845400CC65F2 /* RaceParser.cpp */; };
		230BC3EC1856845E00CC65F2 /* PerkParser.cpp in Sources */ = {isa = PBXBuildFile; fileRef = 230BC3EA1856845E00CC65F2 /* PerkParser.cpp */; };
		230BC3EF1856846A00CC65F2 /* TraitParser.cpp in Sources */ = {isa = PBXBuildFile; fileRef = 230BC3ED1856846A00CC65F2 /* TraitParser.cpp */; };
		23322BEA1849107B004CC64F /* Game.cpp in Sources */ = {isa = PBXBuildFile; fileRef = 23322BE81849107B004CC64F /* Game.cpp */; };
		23322BED18491544004CC64F /* Window.cpp in Sources */ = {isa = PBXBuildFile; fileRef = 23322BEB18491544004CC64F /* Window.cpp */; };
		23322BF1184915D6004CC64F /* SpecialWindow.cpp in Sources */ = {isa = PBXBuildFile; fileRef = 23322BEF184915D6004CC64F /* SpecialWindow.cpp */; };
		23419DC0184867C7000B9EFD /* Character.cpp in Sources */ = {isa = PBXBuildFile; fileRef = 23419DBE184867C7000B9EFD /* Character.cpp */; };
		23419DC318486807000B9EFD /* Special.cpp in Sources */ = {isa = PBXBuildFile; fileRef = 23419DC118486807000B9EFD /* Special.cpp */; };
		23419DC918486A58000B9EFD /* Perk.cpp in Sources */ = {isa = PBXBuildFile; fileRef = 23419DC718486A58000B9EFD /* Perk.cpp */; };
		23419DCC18486ABC000B9EFD /* Item.cpp in Sources */ = {isa = PBXBuildFile; fileRef = 23419DCA18486ABC000B9EFD /* Item.cpp */; };
		23419DD218486B8E000B9EFD /* Container.cpp in Sources */ = {isa = PBXBuildFile; fileRef = 23419DD018486B8E000B9EFD /* Container.cpp */; };
		23419DD718486CDF000B9EFD /* World.cpp in Sources */ = {isa = PBXBuildFile; fileRef = 23419DD518486CDF000B9EFD /* World.cpp */; };
		23419DDA18486CEB000B9EFD /* Dungeon.cpp in Sources */ = {isa = PBXBuildFile; fileRef = 23419DD818486CEB000B9EFD /* Dungeon.cpp */; };
		23419DE0184873C4000B9EFD /* Weapon.cpp in Sources */ = {isa = PBXBuildFile; fileRef = 23419DDE184873C4000B9EFD /* Weapon.cpp */; };
		23419DE3184879AA000B9EFD /* Trait.cpp in Sources */ = {isa = PBXBuildFile; fileRef = 23419DE1184879AA000B9EFD /* Trait.cpp */; };
		23419DE618487C26000B9EFD /* Skills.cpp in Sources */ = {isa = PBXBuildFile; fileRef = 23419DE418487C26000B9EFD /* Skills.cpp */; };
		23419DE918488501000B9EFD /* Ammo.cpp in Sources */ = {isa = PBXBuildFile; fileRef = 23419DE718488501000B9EFD /* Ammo.cpp */; };
		23419DEC184888A3000B9EFD /* Creature.cpp in Sources */ = {isa = PBXBuildFile; fileRef = 23419DEA184888A3000B9EFD /* Creature.cpp */; };
		23419DEF184888C9000B9EFD /* Entity.cpp in Sources */ = {isa = PBXBuildFile; fileRef = 23419DED184888C9000B9EFD /* Entity.cpp */; };
		23419DF218488E1F000B9EFD /* Tile.cpp in Sources */ = {isa = PBXBuildFile; fileRef = 23419DF018488E1F000B9EFD /* Tile.cpp */; };
		23419DF518489901000B9EFD /* DungeonSpec.cpp in Sources */ = {isa = PBXBuildFile; fileRef = 23419DF318489901000B9EFD /* DungeonSpec.cpp */; };
		23419DF818489A76000B9EFD /* Utils.cpp in Sources */ = {isa = PBXBuildFile; fileRef = 23419DF618489A76000B9EFD /* Utils.cpp */; };
		23419DFB1848A219000B9EFD /* DungeonArea.cpp in Sources */ = {isa = PBXBuildFile; fileRef = 23419DF91848A219000B9EFD /* DungeonArea.cpp */; };
		23B0EE0C184BD9B8001C17A2 /* StatsWindow.cpp in Sources */ = {isa = PBXBuildFile; fileRef = 23B0EE0A184BD9B8001C17A2 /* StatsWindow.cpp */; };
		23B0EE0F184BD9C1001C17A2 /* InventoryWindow.cpp in Sources */ = {isa = PBXBuildFile; fileRef = 23B0EE0D184BD9C1001C17A2 /* InventoryWindow.cpp */; };
		23B0EE12184BDAD9001C17A2 /* Location.cpp in Sources */ = {isa = PBXBuildFile; fileRef = 23B0EE10184BDAD9001C17A2 /* Location.cpp */; };
		23DD7CF4184A57E100E3B265 /* Gui.cpp in Sources */ = {isa = PBXBuildFile; fileRef = 23DD7CF2184A57E100E3B265 /* Gui.cpp */; };
		23DD7CF7184A58D100E3B265 /* TopBarWindow.cpp in Sources */ = {isa = PBXBuildFile; fileRef = 23DD7CF5184A58D100E3B265 /* TopBarWindow.cpp */; };
		23DD7CFA184A58E200E3B265 /* RightMenuWindow.cpp in Sources */ = {isa = PBXBuildFile; fileRef = 23DD7CF8184A58E200E3B265 /* RightMenuWindow.cpp */; };
		23DD7CFD184A58FE00E3B265 /* BottomWindow.cpp in Sources */ = {isa = PBXBuildFile; fileRef = 23DD7CFB184A58FE00E3B265 /* BottomWindow.cpp */; };
		23DD7D00184A5A4800E3B265 /* WorldWindow.cpp in Sources */ = {isa = PBXBuildFile; fileRef = 23DD7CFE184A5A4800E3B265 /* WorldWindow.cpp */; };
/* End PBXBuildFile section */

/* Begin PBXCopyFilesBuildPhase section */
		23419DAF18486661000B9EFD /* CopyFiles */ = {
			isa = PBXCopyFilesBuildPhase;
			buildActionMask = 12;
			dstPath = ../../../bin;
			dstSubfolderSpec = 16;
			files = (
				230B7ED21857E537009722D9 /* forogue in CopyFiles */,
			);
			runOnlyForDeploymentPostprocessing = 0;
		};
/* End PBXCopyFilesBuildPhase section */

/* Begin PBXFileReference section */
		230B7ED01857E485009722D9 /* main.cpp */ = {isa = PBXFileReference; fileEncoding = 4; lastKnownFileType = sourcecode.cpp.cpp; path = main.cpp; sourceTree = "<group>"; };
		230BC2F2185556D500CC65F2 /* Visibility.cpp */ = {isa = PBXFileReference; fileEncoding = 4; lastKnownFileType = sourcecode.cpp.cpp; path = Visibility.cpp; sourceTree = "<group>"; };
		230BC2F3185556D500CC65F2 /* Visibility.h */ = {isa = PBXFileReference; fileEncoding = 4; lastKnownFileType = sourcecode.c.h; path = Visibility.h; sourceTree = "<group>"; };
		230BC2FD1855B30600CC65F2 /* libxerces-c.a */ = {isa = PBXFileReference; lastKnownFileType = archive.ar; name = "libxerces-c.a"; path = "xerces-c-3.1.1/libs/libxerces-c.a"; sourceTree = "<group>"; };
		230BC2FF1855B36300CC65F2 /* XmlParser.cpp */ = {isa = PBXFileReference; fileEncoding = 4; lastKnownFileType = sourcecode.cpp.cpp; path = XmlParser.cpp; sourceTree = "<group>"; };
		230BC3001855B36300CC65F2 /* XmlParser.h */ = {isa = PBXFileReference; fileEncoding = 4; lastKnownFileType = sourcecode.c.h; path = XmlParser.h; sourceTree = "<group>"; };
		230BC3021855B4EF00CC65F2 /* WeaponParser.cpp */ = {isa = PBXFileReference; fileEncoding = 4; lastKnownFileType = sourcecode.cpp.cpp; path = WeaponParser.cpp; sourceTree = "<group>"; };
		230BC3031855B4EF00CC65F2 /* WeaponParser.h */ = {isa = PBXFileReference; fileEncoding = 4; lastKnownFileType = sourcecode.c.h; path = WeaponParser.h; sourceTree = "<group>"; };
		230BC3C31855DE9E00CC65F2 /* ArmorParser.cpp */ = {isa = PBXFileReference; fileEncoding = 4; lastKnownFileType = sourcecode.cpp.cpp; path = ArmorParser.cpp; sourceTree = "<group>"; };
		230BC3C41855DE9E00CC65F2 /* ArmorParser.h */ = {isa = PBXFileReference; fileEncoding = 4; lastKnownFileType = sourcecode.c.h; path = ArmorParser.h; sourceTree = "<group>"; };
		230BC3C61855DEA900CC65F2 /* AmmoParser.cpp */ = {isa = PBXFileReference; fileEncoding = 4; lastKnownFileType = sourcecode.cpp.cpp; path = AmmoParser.cpp; sourceTree = "<group>"; };
		230BC3C71855DEA900CC65F2 /* AmmoParser.h */ = {isa = PBXFileReference; fileEncoding = 4; lastKnownFileType = sourcecode.c.h; path = AmmoParser.h; sourceTree = "<group>"; };
		230BC3C91855DEB700CC65F2 /* ConsumableParser.cpp */ = {isa = PBXFileReference; fileEncoding = 4; lastKnownFileType = sourcecode.cpp.cpp; path = ConsumableParser.cpp; sourceTree = "<group>"; };
		230BC3CA1855DEB700CC65F2 /* ConsumableParser.h */ = {isa = PBXFileReference; fileEncoding = 4; lastKnownFileType = sourcecode.c.h; path = ConsumableParser.h; sourceTree = "<group>"; };
		230BC3CC1855DEC200CC65F2 /* ItemParser.cpp */ = {isa = PBXFileReference; fileEncoding = 4; lastKnownFileType = sourcecode.cpp.cpp; path = ItemParser.cpp; sourceTree = "<group>"; };
		230BC3CD1855DEC200CC65F2 /* ItemParser.h */ = {isa = PBXFileReference; fileEncoding = 4; lastKnownFileType = sourcecode.c.h; path = ItemParser.h; sourceTree = "<group>"; };
		230BC3D018566B4900CC65F2 /* Armor.cpp */ = {isa = PBXFileReference; fileEncoding = 4; lastKnownFileType = sourcecode.cpp.cpp; path = Armor.cpp; sourceTree = "<group>"; };
		230BC3D118566B4900CC65F2 /* Armor.h */ = {isa = PBXFileReference; fileEncoding = 4; lastKnownFileType = sourcecode.c.h; path = Armor.h; sourceTree = "<group>"; };
		230BC3E11856843D00CC65F2 /* CreatureParser.cpp */ = {isa = PBXFileReference; fileEncoding = 4; lastKnownFileType = sourcecode.cpp.cpp; path = CreatureParser.cpp; sourceTree = "<group>"; };
		230BC3E21856843D00CC65F2 /* CreatureParser.h */ = {isa = PBXFileReference; fileEncoding = 4; lastKnownFileType = sourcecode.c.h; path = CreatureParser.h; sourceTree = "<group>"; };
		230BC3E41856844800CC65F2 /* FactionParser.cpp */ = {isa = PBXFileReference; fileEncoding = 4; lastKnownFileType = sourcecode.cpp.cpp; path = FactionParser.cpp; sourceTree = "<group>"; };
		230BC3E51856844800CC65F2 /* FactionParser.h */ = {isa = PBXFileReference; fileEncoding = 4; lastKnownFileType = sourcecode.c.h; path = FactionParser.h; sourceTree = "<group>"; };
		230BC3E71856845400CC65F2 /* RaceParser.cpp */ = {isa = PBXFileReference; fileEncoding = 4; lastKnownFileType = sourcecode.cpp.cpp; path = RaceParser.cpp; sourceTree = "<group>"; };
		230BC3E81856845400CC65F2 /* RaceParser.h */ = {isa = PBXFileReference; fileEncoding = 4; lastKnownFileType = sourcecode.c.h; path = RaceParser.h; sourceTree = "<group>"; };
		230BC3EA1856845E00CC65F2 /* PerkParser.cpp */ = {isa = PBXFileReference; fileEncoding = 4; lastKnownFileType = sourcecode.cpp.cpp; path = PerkParser.cpp; sourceTree = "<group>"; };
		230BC3EB1856845E00CC65F2 /* PerkParser.h */ = {isa = PBXFileReference; fileEncoding = 4; lastKnownFileType = sourcecode.c.h; path = PerkParser.h; sourceTree = "<group>"; };
		230BC3ED1856846A00CC65F2 /* TraitParser.cpp */ = {isa = PBXFileReference; fileEncoding = 4; lastKnownFileType = sourcecode.cpp.cpp; path = TraitParser.cpp; sourceTree = "<group>"; };
		230BC3EE1856846A00CC65F2 /* TraitParser.h */ = {isa = PBXFileReference; fileEncoding = 4; lastKnownFileType = sourcecode.c.h; path = TraitParser.h; sourceTree = "<group>"; };
		23322BE81849107B004CC64F /* Game.cpp */ = {isa = PBXFileReference; fileEncoding = 4; lastKnownFileType = sourcecode.cpp.cpp; path = Game.cpp; sourceTree = "<group>"; };
		23322BE91849107B004CC64F /* Game.h */ = {isa = PBXFileReference; fileEncoding = 4; lastKnownFileType = sourcecode.c.h; path = Game.h; sourceTree = "<group>"; };
		23322BEB18491544004CC64F /* Window.cpp */ = {isa = PBXFileReference; fileEncoding = 4; lastKnownFileType = sourcecode.cpp.cpp; path = Window.cpp; sourceTree = "<group>"; };
		23322BEC18491544004CC64F /* Window.h */ = {isa = PBXFileReference; fileEncoding = 4; lastKnownFileType = sourcecode.c.h; path = Window.h; sourceTree = "<group>"; };
		23322BEF184915D6004CC64F /* SpecialWindow.cpp */ = {isa = PBXFileReference; fileEncoding = 4; lastKnownFileType = sourcecode.cpp.cpp; path = SpecialWindow.cpp; sourceTree = "<group>"; };
		23322BF0184915D6004CC64F /* SpecialWindow.h */ = {isa = PBXFileReference; fileEncoding = 4; lastKnownFileType = sourcecode.c.h; path = SpecialWindow.h; sourceTree = "<group>"; };
		23419DB118486661000B9EFD /* forogue */ = {isa = PBXFileReference; explicitFileType = "compiled.mach-o.executable"; includeInIndex = 0; path = forogue; sourceTree = BUILT_PRODUCTS_DIR; };
		23419DBE184867C7000B9EFD /* Character.cpp */ = {isa = PBXFileReference; fileEncoding = 4; lastKnownFileType = sourcecode.cpp.cpp; path = Character.cpp; sourceTree = "<group>"; };
		23419DBF184867C7000B9EFD /* Character.h */ = {isa = PBXFileReference; fileEncoding = 4; lastKnownFileType = sourcecode.c.h; path = Character.h; sourceTree = "<group>"; };
		23419DC118486807000B9EFD /* Special.cpp */ = {isa = PBXFileReference; fileEncoding = 4; lastKnownFileType = sourcecode.cpp.cpp; path = Special.cpp; sourceTree = "<group>"; };
		23419DC218486807000B9EFD /* Special.h */ = {isa = PBXFileReference; fileEncoding = 4; lastKnownFileType = sourcecode.c.h; path = Special.h; sourceTree = "<group>"; };
		23419DC718486A58000B9EFD /* Perk.cpp */ = {isa = PBXFileReference; fileEncoding = 4; lastKnownFileType = sourcecode.cpp.cpp; path = Perk.cpp; sourceTree = "<group>"; };
		23419DC818486A58000B9EFD /* Perk.h */ = {isa = PBXFileReference; fileEncoding = 4; lastKnownFileType = sourcecode.c.h; path = Perk.h; sourceTree = "<group>"; };
		23419DCA18486ABC000B9EFD /* Item.cpp */ = {isa = PBXFileReference; fileEncoding = 4; lastKnownFileType = sourcecode.cpp.cpp; path = Item.cpp; sourceTree = "<group>"; };
		23419DCB18486ABC000B9EFD /* Item.h */ = {isa = PBXFileReference; fileEncoding = 4; lastKnownFileType = sourcecode.c.h; path = Item.h; sourceTree = "<group>"; };
		23419DD018486B8E000B9EFD /* Container.cpp */ = {isa = PBXFileReference; fileEncoding = 4; lastKnownFileType = sourcecode.cpp.cpp; path = Container.cpp; sourceTree = "<group>"; };
		23419DD118486B8E000B9EFD /* Container.h */ = {isa = PBXFileReference; fileEncoding = 4; lastKnownFileType = sourcecode.c.h; path = Container.h; sourceTree = "<group>"; };
		23419DD518486CDF000B9EFD /* World.cpp */ = {isa = PBXFileReference; fileEncoding = 4; lastKnownFileType = sourcecode.cpp.cpp; path = World.cpp; sourceTree = "<group>"; };
		23419DD618486CDF000B9EFD /* World.h */ = {isa = PBXFileReference; fileEncoding = 4; lastKnownFileType = sourcecode.c.h; path = World.h; sourceTree = "<group>"; };
		23419DD818486CEB000B9EFD /* Dungeon.cpp */ = {isa = PBXFileReference; fileEncoding = 4; lastKnownFileType = sourcecode.cpp.cpp; path = Dungeon.cpp; sourceTree = "<group>"; };
		23419DD918486CEB000B9EFD /* Dungeon.h */ = {isa = PBXFileReference; fileEncoding = 4; lastKnownFileType = sourcecode.c.h; path = Dungeon.h; sourceTree = "<group>"; };
		23419DDE184873C4000B9EFD /* Weapon.cpp */ = {isa = PBXFileReference; fileEncoding = 4; lastKnownFileType = sourcecode.cpp.cpp; path = Weapon.cpp; sourceTree = "<group>"; };
		23419DDF184873C4000B9EFD /* Weapon.h */ = {isa = PBXFileReference; fileEncoding = 4; lastKnownFileType = sourcecode.c.h; path = Weapon.h; sourceTree = "<group>"; };
		23419DE1184879AA000B9EFD /* Trait.cpp */ = {isa = PBXFileReference; fileEncoding = 4; lastKnownFileType = sourcecode.cpp.cpp; path = Trait.cpp; sourceTree = "<group>"; };
		23419DE2184879AA000B9EFD /* Trait.h */ = {isa = PBXFileReference; fileEncoding = 4; lastKnownFileType = sourcecode.c.h; path = Trait.h; sourceTree = "<group>"; };
		23419DE418487C26000B9EFD /* Skills.cpp */ = {isa = PBXFileReference; fileEncoding = 4; lastKnownFileType = sourcecode.cpp.cpp; path = Skills.cpp; sourceTree = "<group>"; };
		23419DE518487C26000B9EFD /* Skills.h */ = {isa = PBXFileReference; fileEncoding = 4; lastKnownFileType = sourcecode.c.h; path = Skills.h; sourceTree = "<group>"; };
		23419DE718488501000B9EFD /* Ammo.cpp */ = {isa = PBXFileReference; fileEncoding = 4; lastKnownFileType = sourcecode.cpp.cpp; path = Ammo.cpp; sourceTree = "<group>"; };
		23419DE818488501000B9EFD /* Ammo.h */ = {isa = PBXFileReference; fileEncoding = 4; lastKnownFileType = sourcecode.c.h; path = Ammo.h; sourceTree = "<group>"; };
		23419DEA184888A3000B9EFD /* Creature.cpp */ = {isa = PBXFileReference; fileEncoding = 4; lastKnownFileType = sourcecode.cpp.cpp; path = Creature.cpp; sourceTree = "<group>"; };
		23419DEB184888A3000B9EFD /* Creature.h */ = {isa = PBXFileReference; fileEncoding = 4; lastKnownFileType = sourcecode.c.h; path = Creature.h; sourceTree = "<group>"; };
		23419DED184888C9000B9EFD /* Entity.cpp */ = {isa = PBXFileReference; fileEncoding = 4; lastKnownFileType = sourcecode.cpp.cpp; path = Entity.cpp; sourceTree = "<group>"; };
		23419DEE184888C9000B9EFD /* Entity.h */ = {isa = PBXFileReference; fileEncoding = 4; lastKnownFileType = sourcecode.c.h; path = Entity.h; sourceTree = "<group>"; };
		23419DF018488E1F000B9EFD /* Tile.cpp */ = {isa = PBXFileReference; fileEncoding = 4; lastKnownFileType = sourcecode.cpp.cpp; path = Tile.cpp; sourceTree = "<group>"; };
		23419DF118488E1F000B9EFD /* Tile.h */ = {isa = PBXFileReference; fileEncoding = 4; lastKnownFileType = sourcecode.c.h; path = Tile.h; sourceTree = "<group>"; };
		23419DF318489901000B9EFD /* DungeonSpec.cpp */ = {isa = PBXFileReference; fileEncoding = 4; lastKnownFileType = sourcecode.cpp.cpp; path = DungeonSpec.cpp; sourceTree = "<group>"; };
		23419DF418489901000B9EFD /* DungeonSpec.h */ = {isa = PBXFileReference; fileEncoding = 4; lastKnownFileType = sourcecode.c.h; path = DungeonSpec.h; sourceTree = "<group>"; };
		23419DF618489A76000B9EFD /* Utils.cpp */ = {isa = PBXFileReference; fileEncoding = 4; lastKnownFileType = sourcecode.cpp.cpp; path = Utils.cpp; sourceTree = "<group>"; };
		23419DF718489A76000B9EFD /* Utils.h */ = {isa = PBXFileReference; fileEncoding = 4; lastKnownFileType = sourcecode.c.h; path = Utils.h; sourceTree = "<group>"; };
		23419DF91848A219000B9EFD /* DungeonArea.cpp */ = {isa = PBXFileReference; fileEncoding = 4; lastKnownFileType = sourcecode.cpp.cpp; path = DungeonArea.cpp; sourceTree = "<group>"; };
		23419DFA1848A219000B9EFD /* DungeonArea.h */ = {isa = PBXFileReference; fileEncoding = 4; lastKnownFileType = sourcecode.c.h; path = DungeonArea.h; sourceTree = "<group>"; };
		23B0EE0A184BD9B8001C17A2 /* StatsWindow.cpp */ = {isa = PBXFileReference; fileEncoding = 4; lastKnownFileType = sourcecode.cpp.cpp; path = StatsWindow.cpp; sourceTree = "<group>"; };
		23B0EE0B184BD9B8001C17A2 /* StatsWindow.h */ = {isa = PBXFileReference; fileEncoding = 4; lastKnownFileType = sourcecode.c.h; path = StatsWindow.h; sourceTree = "<group>"; };
		23B0EE0D184BD9C1001C17A2 /* InventoryWindow.cpp */ = {isa = PBXFileReference; fileEncoding = 4; lastKnownFileType = sourcecode.cpp.cpp; path = InventoryWindow.cpp; sourceTree = "<group>"; };
		23B0EE0E184BD9C1001C17A2 /* InventoryWindow.h */ = {isa = PBXFileReference; fileEncoding = 4; lastKnownFileType = sourcecode.c.h; path = InventoryWindow.h; sourceTree = "<group>"; };
		23B0EE10184BDAD9001C17A2 /* Location.cpp */ = {isa = PBXFileReference; fileEncoding = 4; lastKnownFileType = sourcecode.cpp.cpp; path = Location.cpp; sourceTree = "<group>"; };
		23B0EE11184BDAD9001C17A2 /* Location.h */ = {isa = PBXFileReference; fileEncoding = 4; lastKnownFileType = sourcecode.c.h; path = Location.h; sourceTree = "<group>"; };
		23DD7CF2184A57E100E3B265 /* Gui.cpp */ = {isa = PBXFileReference; fileEncoding = 4; lastKnownFileType = sourcecode.cpp.cpp; path = Gui.cpp; sourceTree = "<group>"; };
		23DD7CF3184A57E100E3B265 /* Gui.h */ = {isa = PBXFileReference; fileEncoding = 4; lastKnownFileType = sourcecode.c.h; path = Gui.h; sourceTree = "<group>"; };
		23DD7CF5184A58D100E3B265 /* TopBarWindow.cpp */ = {isa = PBXFileReference; fileEncoding = 4; lastKnownFileType = sourcecode.cpp.cpp; path = TopBarWindow.cpp; sourceTree = "<group>"; };
		23DD7CF6184A58D100E3B265 /* TopBarWindow.h */ = {isa = PBXFileReference; fileEncoding = 4; lastKnownFileType = sourcecode.c.h; path = TopBarWindow.h; sourceTree = "<group>"; };
		23DD7CF8184A58E200E3B265 /* RightMenuWindow.cpp */ = {isa = PBXFileReference; fileEncoding = 4; lastKnownFileType = sourcecode.cpp.cpp; path = RightMenuWindow.cpp; sourceTree = "<group>"; };
		23DD7CF9184A58E200E3B265 /* RightMenuWindow.h */ = {isa = PBXFileReference; fileEncoding = 4; lastKnownFileType = sourcecode.c.h; path = RightMenuWindow.h; sourceTree = "<group>"; };
		23DD7CFB184A58FE00E3B265 /* BottomWindow.cpp */ = {isa = PBXFileReference; fileEncoding = 4; lastKnownFileType = sourcecode.cpp.cpp; path = BottomWindow.cpp; sourceTree = "<group>"; };
		23DD7CFC184A58FE00E3B265 /* BottomWindow.h */ = {isa = PBXFileReference; fileEncoding = 4; lastKnownFileType = sourcecode.c.h; path = BottomWindow.h; sourceTree = "<group>"; };
		23DD7CFE184A5A4800E3B265 /* WorldWindow.cpp */ = {isa = PBXFileReference; fileEncoding = 4; lastKnownFileType = sourcecode.cpp.cpp; path = WorldWindow.cpp; sourceTree = "<group>"; };
		23DD7CFF184A5A4800E3B265 /* WorldWindow.h */ = {isa = PBXFileReference; fileEncoding = 4; lastKnownFileType = sourcecode.c.h; path = WorldWindow.h; sourceTree = "<group>"; };
/* End PBXFileReference section */

/* Begin PBXFrameworksBuildPhase section */
		23419DAE18486661000B9EFD /* Frameworks */ = {
			isa = PBXFrameworksBuildPhase;
			buildActionMask = 2147483647;
			files = (
				230BC2FE1855B30600CC65F2 /* libxerces-c.a in Frameworks */,
			);
			runOnlyForDeploymentPostprocessing = 0;
		};
/* End PBXFrameworksBuildPhase section */

/* Begin PBXGroup section */
		23322BEE18491557004CC64F /* UI */ = {
			isa = PBXGroup;
			children = (
				23DD7CFB184A58FE00E3B265 /* BottomWindow.cpp */,
				23DD7CF2184A57E100E3B265 /* Gui.cpp */,
				23B0EE0D184BD9C1001C17A2 /* InventoryWindow.cpp */,
				23DD7CF8184A58E200E3B265 /* RightMenuWindow.cpp */,
				23322BEF184915D6004CC64F /* SpecialWindow.cpp */,
				23B0EE0A184BD9B8001C17A2 /* StatsWindow.cpp */,
				23DD7CF5184A58D100E3B265 /* TopBarWindow.cpp */,
				23322BEB18491544004CC64F /* Window.cpp */,
				23DD7CFE184A5A4800E3B265 /* WorldWindow.cpp */,
				23DD7CFC184A58FE00E3B265 /* BottomWindow.h */,
				23DD7CF3184A57E100E3B265 /* Gui.h */,
				23B0EE0E184BD9C1001C17A2 /* InventoryWindow.h */,
				23DD7CF9184A58E200E3B265 /* RightMenuWindow.h */,
				23322BF0184915D6004CC64F /* SpecialWindow.h */,
				23B0EE0B184BD9B8001C17A2 /* StatsWindow.h */,
				23DD7CF6184A58D100E3B265 /* TopBarWindow.h */,
				23322BEC18491544004CC64F /* Window.h */,
				23DD7CFF184A5A4800E3B265 /* WorldWindow.h */,
			);
			name = UI;
			sourceTree = "<group>";
		};
		23419DA818486661000B9EFD = {
			isa = PBXGroup;
			children = (
				230BC2FD1855B30600CC65F2 /* libxerces-c.a */,
				23B0EE03184BD5B0001C17A2 /* Files */,
				23B0EDFF184B8F81001C17A2 /* Gameplay */,
				23419DB218486661000B9EFD /* Products */,
				23419DD418486C28000B9EFD /* RPG */,
				23419DD318486C07000B9EFD /* Stuff */,
				23322BEE18491557004CC64F /* UI */,
				23B0EDFE184B8F74001C17A2 /* Utils */,
				23419DDB18486CF6000B9EFD /* World */,
			);
			sourceTree = "<group>";
		};
		23419DB218486661000B9EFD /* Products */ = {
			isa = PBXGroup;
			children = (
				23419DB118486661000B9EFD /* forogue */,
			);
			name = Products;
			sourceTree = "<group>";
		};
		23419DD318486C07000B9EFD /* Stuff */ = {
			isa = PBXGroup;
			children = (
				23419DE718488501000B9EFD /* Ammo.cpp */,
				230BC3D018566B4900CC65F2 /* Armor.cpp */,
				23419DD018486B8E000B9EFD /* Container.cpp */,
				23419DEA184888A3000B9EFD /* Creature.cpp */,
				23419DED184888C9000B9EFD /* Entity.cpp */,
				23419DCA18486ABC000B9EFD /* Item.cpp */,
				23419DDE184873C4000B9EFD /* Weapon.cpp */,
				23419DE818488501000B9EFD /* Ammo.h */,
				230BC3D118566B4900CC65F2 /* Armor.h */,
				23419DD118486B8E000B9EFD /* Container.h */,
				23419DEB184888A3000B9EFD /* Creature.h */,
				23419DEE184888C9000B9EFD /* Entity.h */,
				23419DCB18486ABC000B9EFD /* Item.h */,
				23419DDF184873C4000B9EFD /* Weapon.h */,
			);
			name = Stuff;
			sourceTree = "<group>";
		};
		23419DD418486C28000B9EFD /* RPG */ = {
			isa = PBXGroup;
			children = (
				23419DC718486A58000B9EFD /* Perk.cpp */,
				23419DE418487C26000B9EFD /* Skills.cpp */,
				23419DC118486807000B9EFD /* Special.cpp */,
				23419DE1184879AA000B9EFD /* Trait.cpp */,
				23419DC818486A58000B9EFD /* Perk.h */,
				23419DE518487C26000B9EFD /* Skills.h */,
				23419DC218486807000B9EFD /* Special.h */,
				23419DE2184879AA000B9EFD /* Trait.h */,
			);
			name = RPG;
			sourceTree = "<group>";
		};
		23419DDB18486CF6000B9EFD /* World */ = {
			isa = PBXGroup;
			children = (
				23419DD818486CEB000B9EFD /* Dungeon.cpp */,
				23419DF91848A219000B9EFD /* DungeonArea.cpp */,
				23419DF318489901000B9EFD /* DungeonSpec.cpp */,
				23B0EE10184BDAD9001C17A2 /* Location.cpp */,
				23419DF018488E1F000B9EFD /* Tile.cpp */,
				230BC2F2185556D500CC65F2 /* Visibility.cpp */,
				23419DD518486CDF000B9EFD /* World.cpp */,
				23419DD918486CEB000B9EFD /* Dungeon.h */,
				23419DFA1848A219000B9EFD /* DungeonArea.h */,
				23419DF418489901000B9EFD /* DungeonSpec.h */,
				23B0EE11184BDAD9001C17A2 /* Location.h */,
				23419DF118488E1F000B9EFD /* Tile.h */,
				230BC2F3185556D500CC65F2 /* Visibility.h */,
				23419DD618486CDF000B9EFD /* World.h */,
			);
			name = World;
			sourceTree = "<group>";
		};
		23B0EDFE184B8F74001C17A2 /* Utils */ = {
			isa = PBXGroup;
			children = (
				23419DF618489A76000B9EFD /* Utils.cpp */,
				23419DF718489A76000B9EFD /* Utils.h */,
			);
			name = Utils;
			sourceTree = "<group>";
		};
		23B0EDFF184B8F81001C17A2 /* Gameplay */ = {
			isa = PBXGroup;
			children = (
				230B7ED01857E485009722D9 /* main.cpp */,
				23419DBE184867C7000B9EFD /* Character.cpp */,
				23322BE81849107B004CC64F /* Game.cpp */,
				23419DBF184867C7000B9EFD /* Character.h */,
				23322BE91849107B004CC64F /* Game.h */,
			);
			name = Gameplay;
			sourceTree = "<group>";
		};
		23B0EE03184BD5B0001C17A2 /* Files */ = {
			isa = PBXGroup;
			children = (
				230BC3C61855DEA900CC65F2 /* AmmoParser.cpp */,
				230BC3C31855DE9E00CC65F2 /* ArmorParser.cpp */,
				230BC3C91855DEB700CC65F2 /* ConsumableParser.cpp */,
				230BC3E11856843D00CC65F2 /* CreatureParser.cpp */,
				230BC3E41856844800CC65F2 /* FactionParser.cpp */,
				230BC3CC1855DEC200CC65F2 /* ItemParser.cpp */,
				230BC3EA1856845E00CC65F2 /* PerkParser.cpp */,
				230BC3E71856845400CC65F2 /* RaceParser.cpp */,
				230BC3ED1856846A00CC65F2 /* TraitParser.cpp */,
				230BC3021855B4EF00CC65F2 /* WeaponParser.cpp */,
				230BC2FF1855B36300CC65F2 /* XmlParser.cpp */,
				230BC3C71855DEA900CC65F2 /* AmmoParser.h */,
				230BC3C41855DE9E00CC65F2 /* ArmorParser.h */,
				230BC3CA1855DEB700CC65F2 /* ConsumableParser.h */,
				230BC3E21856843D00CC65F2 /* CreatureParser.h */,
				230BC3E51856844800CC65F2 /* FactionParser.h */,
				230BC3CD1855DEC200CC65F2 /* ItemParser.h */,
				230BC3EB1856845E00CC65F2 /* PerkParser.h */,
				230BC3E81856845400CC65F2 /* RaceParser.h */,
				230BC3EE1856846A00CC65F2 /* TraitParser.h */,
				230BC3031855B4EF00CC65F2 /* WeaponParser.h */,
				230BC3001855B36300CC65F2 /* XmlParser.h */,
			);
			name = Files;
			sourceTree = "<group>";
		};
/* End PBXGroup section */

/* Begin PBXNativeTarget section */
		23419DB018486661000B9EFD /* forogue */ = {
			isa = PBXNativeTarget;
			buildConfigurationList = 23419DBA18486661000B9EFD /* Build configuration list for PBXNativeTarget "forogue" */;
			buildPhases = (
				23419DAD18486661000B9EFD /* Sources */,
				23419DAE18486661000B9EFD /* Frameworks */,
				23419DAF18486661000B9EFD /* CopyFiles */,
			);
			buildRules = (
			);
			dependencies = (
			);
			name = forogue;
			productName = forogue;
			productReference = 23419DB118486661000B9EFD /* forogue */;
			productType = "com.apple.product-type.tool";
		};
/* End PBXNativeTarget section */

/* Begin PBXProject section */
		23419DA918486661000B9EFD /* Project object */ = {
			isa = PBXProject;
			attributes = {
				LastUpgradeCheck = 0500;
				ORGANIZATIONNAME = "Lasse Carstensen";
			};
			buildConfigurationList = 23419DAC18486661000B9EFD /* Build configuration list for PBXProject "forogue" */;
			compatibilityVersion = "Xcode 3.2";
			developmentRegion = English;
			hasScannedForEncodings = 0;
			knownRegions = (
				en,
			);
			mainGroup = 23419DA818486661000B9EFD;
			productRefGroup = 23419DB218486661000B9EFD /* Products */;
			projectDirPath = "";
			projectRoot = "";
			targets = (
				23419DB018486661000B9EFD /* forogue */,
			);
		};
/* End PBXProject section */

/* Begin PBXSourcesBuildPhase section */
		23419DAD18486661000B9EFD /* Sources */ = {
			isa = PBXSourcesBuildPhase;
			buildActionMask = 2147483647;
			files = (
				23419DCC18486ABC000B9EFD /* Item.cpp in Sources */,
				23419DC318486807000B9EFD /* Special.cpp in Sources */,
				23B0EE12184BDAD9001C17A2 /* Location.cpp in Sources */,
				230BC3E31856843D00CC65F2 /* CreatureParser.cpp in Sources */,
				230BC3D218566B4900CC65F2 /* Armor.cpp in Sources */,
				23DD7D00184A5A4800E3B265 /* WorldWindow.cpp in Sources */,
				230BC3E61856844800CC65F2 /* FactionParser.cpp in Sources */,
				23322BF1184915D6004CC64F /* SpecialWindow.cpp in Sources */,
				23DD7CF4184A57E100E3B265 /* Gui.cpp in Sources */,
				230BC3EF1856846A00CC65F2 /* TraitParser.cpp in Sources */,
				23419DEF184888C9000B9EFD /* Entity.cpp in Sources */,
				230BC2F4185556D500CC65F2 /* Visibility.cpp in Sources */,
				230BC3C51855DE9E00CC65F2 /* ArmorParser.cpp in Sources */,
				23419DF818489A76000B9EFD /* Utils.cpp in Sources */,
				23419DDA18486CEB000B9EFD /* Dungeon.cpp in Sources */,
				23DD7CFA184A58E200E3B265 /* RightMenuWindow.cpp in Sources */,
				23B0EE0F184BD9C1001C17A2 /* InventoryWindow.cpp in Sources */,
				23419DE918488501000B9EFD /* Ammo.cpp in Sources */,
				23419DD718486CDF000B9EFD /* World.cpp in Sources */,
				23419DC0184867C7000B9EFD /* Character.cpp in Sources */,
				23419DE0184873C4000B9EFD /* Weapon.cpp in Sources */,
				23419DF218488E1F000B9EFD /* Tile.cpp in Sources */,
				230BC3EC1856845E00CC65F2 /* PerkParser.cpp in Sources */,
				23322BED18491544004CC64F /* Window.cpp in Sources */,
				230BC3C81855DEA900CC65F2 /* AmmoParser.cpp in Sources */,
				23322BEA1849107B004CC64F /* Game.cpp in Sources */,
				23419DE3184879AA000B9EFD /* Trait.cpp in Sources */,
				23419DF518489901000B9EFD /* DungeonSpec.cpp in Sources */,
				23DD7CFD184A58FE00E3B265 /* BottomWindow.cpp in Sources */,
				23419DE618487C26000B9EFD /* Skills.cpp in Sources */,
				230BC3041855B4EF00CC65F2 /* WeaponParser.cpp in Sources */,
				23419DC918486A58000B9EFD /* Perk.cpp in Sources */,
				230B7ED11857E485009722D9 /* main.cpp in Sources */,
				230BC3E91856845400CC65F2 /* RaceParser.cpp in Sources */,
				230BC3CB1855DEB700CC65F2 /* ConsumableParser.cpp in Sources */,
				23DD7CF7184A58D100E3B265 /* TopBarWindow.cpp in Sources */,
				23B0EE0C184BD9B8001C17A2 /* StatsWindow.cpp in Sources */,
				23419DD218486B8E000B9EFD /* Container.cpp in Sources */,
				23419DEC184888A3000B9EFD /* Creature.cpp in Sources */,
				23419DFB1848A219000B9EFD /* DungeonArea.cpp in Sources */,
				230BC3011855B36300CC65F2 /* XmlParser.cpp in Sources */,
				230BC3CE1855DEC200CC65F2 /* ItemParser.cpp in Sources */,
			);
			runOnlyForDeploymentPostprocessing = 0;
		};
/* End PBXSourcesBuildPhase section */

/* Begin XCBuildConfiguration section */
		23419DB818486661000B9EFD /* Debug */ = {
			isa = XCBuildConfiguration;
			buildSettings = {
				ALWAYS_SEARCH_USER_PATHS = NO;
				CLANG_CXX_LANGUAGE_STANDARD = "gnu++0x";
				CLANG_CXX_LIBRARY = "libc++";
				CLANG_ENABLE_OBJC_ARC = YES;
				CLANG_WARN_BOOL_CONVERSION = YES;
				CLANG_WARN_CONSTANT_CONVERSION = YES;
				CLANG_WARN_DIRECT_OBJC_ISA_USAGE = YES_ERROR;
				CLANG_WARN_EMPTY_BODY = YES;
				CLANG_WARN_ENUM_CONVERSION = YES;
				CLANG_WARN_INT_CONVERSION = YES;
				CLANG_WARN_OBJC_ROOT_CLASS = YES_ERROR;
				CLANG_WARN__DUPLICATE_METHOD_MATCH = YES;
				COPY_PHASE_STRIP = NO;
				GCC_C_LANGUAGE_STANDARD = gnu99;
				GCC_DYNAMIC_NO_PIC = NO;
				GCC_ENABLE_OBJC_EXCEPTIONS = YES;
				GCC_OPTIMIZATION_LEVEL = 0;
				GCC_PREPROCESSOR_DEFINITIONS = (
					"DEBUG=1",
					"$(inherited)",
				);
				GCC_SYMBOLS_PRIVATE_EXTERN = NO;
				GCC_WARN_64_TO_32_BIT_CONVERSION = YES;
				GCC_WARN_ABOUT_RETURN_TYPE = YES_ERROR;
				GCC_WARN_UNDECLARED_SELECTOR = YES;
				GCC_WARN_UNINITIALIZED_AUTOS = YES;
				GCC_WARN_UNUSED_FUNCTION = YES;
				GCC_WARN_UNUSED_VARIABLE = YES;
				MACOSX_DEPLOYMENT_TARGET = 10.9;
				ONLY_ACTIVE_ARCH = YES;
				OTHER_LDFLAGS = "";
				SDKROOT = macosx;
			};
			name = Debug;
		};
		23419DB918486661000B9EFD /* Release */ = {
			isa = XCBuildConfiguration;
			buildSettings = {
				ALWAYS_SEARCH_USER_PATHS = NO;
				CLANG_CXX_LANGUAGE_STANDARD = "gnu++0x";
				CLANG_CXX_LIBRARY = "libc++";
				CLANG_ENABLE_OBJC_ARC = YES;
				CLANG_WARN_BOOL_CONVERSION = YES;
				CLANG_WARN_CONSTANT_CONVERSION = YES;
				CLANG_WARN_DIRECT_OBJC_ISA_USAGE = YES_ERROR;
				CLANG_WARN_EMPTY_BODY = YES;
				CLANG_WARN_ENUM_CONVERSION = YES;
				CLANG_WARN_INT_CONVERSION = YES;
				CLANG_WARN_OBJC_ROOT_CLASS = YES_ERROR;
				CLANG_WARN__DUPLICATE_METHOD_MATCH = YES;
				COPY_PHASE_STRIP = YES;
				DEBUG_INFORMATION_FORMAT = "dwarf-with-dsym";
				ENABLE_NS_ASSERTIONS = NO;
				GCC_C_LANGUAGE_STANDARD = gnu99;
				GCC_ENABLE_OBJC_EXCEPTIONS = YES;
				GCC_WARN_64_TO_32_BIT_CONVERSION = YES;
				GCC_WARN_ABOUT_RETURN_TYPE = YES_ERROR;
				GCC_WARN_UNDECLARED_SELECTOR = YES;
				GCC_WARN_UNINITIALIZED_AUTOS = YES;
				GCC_WARN_UNUSED_FUNCTION = YES;
				GCC_WARN_UNUSED_VARIABLE = YES;
				MACOSX_DEPLOYMENT_TARGET = 10.9;
				OTHER_LDFLAGS = "";
				SDKROOT = macosx;
			};
			name = Release;
		};
		23419DBB18486661000B9EFD /* Debug */ = {
			isa = XCBuildConfiguration;
			buildSettings = {
				HEADER_SEARCH_PATHS = (
					"$(inherited)",
					/Applications/Xcode.app/Contents/Developer/Toolchains/XcodeDefault.xctoolchain/usr/include,
					"xerces-c-3.1.1/src",
				);
				LIBRARY_SEARCH_PATHS = (
					"$(inherited)",
					"/Users/lbc/Documents/forogue/xerces-c-3.1.1/libs",
				);
				OTHER_LDFLAGS = (
					"-lmenu",
					"-lncurses",
				);
				PRODUCT_NAME = "$(TARGET_NAME)";
			};
			name = Debug;
		};
		23419DBC18486661000B9EFD /* Release */ = {
			isa = XCBuildConfiguration;
			buildSettings = {
				HEADER_SEARCH_PATHS = (
					"$(inherited)",
					/Applications/Xcode.app/Contents/Developer/Toolchains/XcodeDefault.xctoolchain/usr/include,
					"xerces-c-3.1.1/src",
				);
				LIBRARY_SEARCH_PATHS = (
					"$(inherited)",
					"/Users/lbc/Documents/forogue/xerces-c-3.1.1/libs",
				);
				OTHER_LDFLAGS = (
					"-lmenu",
					"-lncurses",
				);
				PRODUCT_NAME = "$(TARGET_NAME)";
			};
			name = Release;
		};
/* End XCBuildConfiguration section */

/* Begin XCConfigurationList section */
		23419DAC18486661000B9EFD /* Build configuration list for PBXProject "forogue" */ = {
			isa = XCConfigurationList;
			buildConfigurations = (
				23419DB818486661000B9EFD /* Debug */,
				23419DB918486661000B9EFD /* Release */,
			);
			defaultConfigurationIsVisible = 0;
			defaultConfigurationName = Release;
		};
		23419DBA18486661000B9EFD /* Build configuration list for PBXNativeTarget "forogue" */ = {
			isa = XCConfigurationList;
			buildConfigurations = (
				23419DBB18486661000B9EFD /* Debug */,
				23419DBC18486661000B9EFD /* Release */,
			);
			defaultConfigurationIsVisible = 0;
			defaultConfigurationName = Release;
		};
/* End XCConfigurationList section */
	};
	rootObject = 23419DA918486661000B9EFD /* Project object */;
}
